
Microsoft Visual Studio Solution File, Format Version 12.00
# Visual Studio Version 16
VisualStudioVersion = 16.0.29709.97
MinimumVisualStudioVersion = 10.0.40219.1
Project("{9A19103F-16F7-4668-BE54-9A1E7A4F7556}") = "DutchTreat", "DutchTreat.csproj", "{D6195426-52CE-48CE-BFF9-64370CB45F6D}"
EndProject
Global
	GlobalSection(SolutionConfigurationPlatforms) = preSolution
		Debug|Any CPU = Debug|Any CPU
		Release|Any CPU = Release|Any CPU
	EndGlobalSection
	GlobalSection(ProjectConfigurationPlatforms) = postSolution
		{D6195426-52CE-48CE-BFF9-64370CB45F6D}.Debug|Any CPU.ActiveCfg = Debug|Any CPU
		{D6195426-52CE-48CE-BFF9-64370CB45F6D}.Debug|Any CPU.Build.0 = Debug|Any CPU
		{D6195426-52CE-48CE-BFF9-64370CB45F6D}.Release|Any CPU.ActiveCfg = Release|Any CPU
		{D6195426-52CE-48CE-BFF9-64370CB45F6D}.Release|Any CPU.Build.0 = Release|Any CPU
	EndGlobalSection
	GlobalSection(SolutionProperties) = preSolution
		HideSolutionNode = FALSE
	EndGlobalSection
	GlobalSection(ExtensibilityGlobals) = postSolution
		SolutionGuid = {EB72304B-D3DA-42A9-9562-44AAE84F2569}
	EndGlobalSection
EndGlobal
